
Microsoft Visual Studio Solution File, Format Version 11.00
# Visual Studio 2010
# SharpDevelop 4.4
Project("{FD48973F-F585-4F70-812B-4D0503B36CE9}") = "TheZenithOfProgramming1", "TheZenithOfProgramming1\TheZenithOfProgramming1.pyproj", "{2F6DE252-FE5F-4DC3-9A31-D5028E4225B7}"
EndProject
Global
	GlobalSection(SolutionConfigurationPlatforms) = preSolution
		Debug|Any CPU = Debug|Any CPU
		Release|Any CPU = Release|Any CPU
	EndGlobalSection
	GlobalSection(ProjectConfigurationPlatforms) = postSolution
		{2F6DE252-FE5F-4DC3-9A31-D5028E4225B7}.Debug|Any CPU.Build.0 = Debug|Any CPU
		{2F6DE252-FE5F-4DC3-9A31-D5028E4225B7}.Debug|Any CPU.ActiveCfg = Debug|Any CPU
		{2F6DE252-FE5F-4DC3-9A31-D5028E4225B7}.Release|Any CPU.Build.0 = Release|Any CPU
		{2F6DE252-FE5F-4DC3-9A31-D5028E4225B7}.Release|Any CPU.ActiveCfg = Release|Any CPU
	EndGlobalSection
EndGlobal
