
Microsoft Visual Studio Solution File, Format Version 11.00
# Visual Studio 2010
# SharpDevelop 4.4
Project("{BD8E9625-815A-4BDB-B228-5D4F9C2541A1}") = "Prog58b", "Prog58b\Prog58b.rbproj", "{F6064EC5-3CC4-477E-9BE2-B99F49A7861A}"
EndProject
Global
	GlobalSection(SolutionConfigurationPlatforms) = preSolution
		Debug|Any CPU = Debug|Any CPU
		Release|Any CPU = Release|Any CPU
	EndGlobalSection
	GlobalSection(ProjectConfigurationPlatforms) = postSolution
		{F6064EC5-3CC4-477E-9BE2-B99F49A7861A}.Debug|Any CPU.Build.0 = Debug|Any CPU
		{F6064EC5-3CC4-477E-9BE2-B99F49A7861A}.Debug|Any CPU.ActiveCfg = Debug|Any CPU
		{F6064EC5-3CC4-477E-9BE2-B99F49A7861A}.Release|Any CPU.Build.0 = Release|Any CPU
		{F6064EC5-3CC4-477E-9BE2-B99F49A7861A}.Release|Any CPU.ActiveCfg = Release|Any CPU
	EndGlobalSection
EndGlobal
