
Microsoft Visual Studio Solution File, Format Version 11.00
# Visual Studio 2010
# SharpDevelop 4.4
Project("{FD48973F-F585-4F70-812B-4D0503B36CE9}") = "Prog88a", "Prog88a\Prog88a.pyproj", "{B85B9AA0-0A95-4C50-ABC1-E4F24E1794AF}"
EndProject
Global
	GlobalSection(SolutionConfigurationPlatforms) = preSolution
		Debug|Any CPU = Debug|Any CPU
		Release|Any CPU = Release|Any CPU
	EndGlobalSection
	GlobalSection(ProjectConfigurationPlatforms) = postSolution
		{B85B9AA0-0A95-4C50-ABC1-E4F24E1794AF}.Debug|Any CPU.Build.0 = Debug|Any CPU
		{B85B9AA0-0A95-4C50-ABC1-E4F24E1794AF}.Debug|Any CPU.ActiveCfg = Debug|Any CPU
		{B85B9AA0-0A95-4C50-ABC1-E4F24E1794AF}.Release|Any CPU.Build.0 = Release|Any CPU
		{B85B9AA0-0A95-4C50-ABC1-E4F24E1794AF}.Release|Any CPU.ActiveCfg = Release|Any CPU
	EndGlobalSection
EndGlobal
