
Microsoft Visual Studio Solution File, Format Version 11.00
# Visual Studio 2010
# SharpDevelop 4.4
Project("{FD48973F-F585-4F70-812B-4D0503B36CE9}") = "Pg119Full", "Pg119Full\Pg119Full.pyproj", "{73BE3F39-41CD-4317-B38A-A02C438908EA}"
EndProject
Global
	GlobalSection(SolutionConfigurationPlatforms) = preSolution
		Debug|Any CPU = Debug|Any CPU
		Release|Any CPU = Release|Any CPU
	EndGlobalSection
	GlobalSection(ProjectConfigurationPlatforms) = postSolution
		{73BE3F39-41CD-4317-B38A-A02C438908EA}.Debug|Any CPU.Build.0 = Debug|Any CPU
		{73BE3F39-41CD-4317-B38A-A02C438908EA}.Debug|Any CPU.ActiveCfg = Debug|Any CPU
		{73BE3F39-41CD-4317-B38A-A02C438908EA}.Release|Any CPU.Build.0 = Release|Any CPU
		{73BE3F39-41CD-4317-B38A-A02C438908EA}.Release|Any CPU.ActiveCfg = Release|Any CPU
	EndGlobalSection
EndGlobal
