
Microsoft Visual Studio Solution File, Format Version 11.00
# Visual Studio 2010
# SharpDevelop 4.4
Project("{FD48973F-F585-4F70-812B-4D0503B36CE9}") = "Pg186StadiumSeating", "Pg186StadiumSeating\Pg186StadiumSeating.pyproj", "{3BACF009-0F5A-4E08-AE1D-DF0E7A0A9DF5}"
EndProject
Global
	GlobalSection(SolutionConfigurationPlatforms) = preSolution
		Debug|Any CPU = Debug|Any CPU
		Release|Any CPU = Release|Any CPU
	EndGlobalSection
	GlobalSection(ProjectConfigurationPlatforms) = postSolution
		{3BACF009-0F5A-4E08-AE1D-DF0E7A0A9DF5}.Debug|Any CPU.Build.0 = Debug|Any CPU
		{3BACF009-0F5A-4E08-AE1D-DF0E7A0A9DF5}.Debug|Any CPU.ActiveCfg = Debug|Any CPU
		{3BACF009-0F5A-4E08-AE1D-DF0E7A0A9DF5}.Release|Any CPU.Build.0 = Release|Any CPU
		{3BACF009-0F5A-4E08-AE1D-DF0E7A0A9DF5}.Release|Any CPU.ActiveCfg = Release|Any CPU
	EndGlobalSection
EndGlobal
